// !$*UTF8*$!
{
	archiveVersion = 1;
	classes = {
	};
	objectVersion = 55;
	objects = {

/* Begin PBXBuildFile section */
		7C6C6BDB282612220038E391 /* FollowerCell.swift in Sources */ = {isa = PBXBuildFile; fileRef = 7C6C6BDA282612220038E391 /* FollowerCell.swift */; };
		7C6C6BDD282613160038E391 /* GFAvatarImageView.swift in Sources */ = {isa = PBXBuildFile; fileRef = 7C6C6BDC282613160038E391 /* GFAvatarImageView.swift */; };
		7C6C6C13282A1A530038E391 /* UIHelper.swift in Sources */ = {isa = PBXBuildFile; fileRef = 7C6C6C12282A1A530038E391 /* UIHelper.swift */; };
		7C6C6C20282E13880038E391 /* GFEmptyStateView.swift in Sources */ = {isa = PBXBuildFile; fileRef = 7C6C6C1F282E13880038E391 /* GFEmptyStateView.swift */; };
		7C87E35D27FE5CB00056A9EE /* AppDelegate.swift in Sources */ = {isa = PBXBuildFile; fileRef = 7C87E35C27FE5CB00056A9EE /* AppDelegate.swift */; };
		7C87E35F27FE5CB00056A9EE /* SceneDelegate.swift in Sources */ = {isa = PBXBuildFile; fileRef = 7C87E35E27FE5CB00056A9EE /* SceneDelegate.swift */; };
		7C87E36627FE5CB10056A9EE /* Assets.xcassets in Resources */ = {isa = PBXBuildFile; fileRef = 7C87E36527FE5CB10056A9EE /* Assets.xcassets */; };
		7C87E37127FE64620056A9EE /* SearchVC.swift in Sources */ = {isa = PBXBuildFile; fileRef = 7C87E37027FE64620056A9EE /* SearchVC.swift */; };
		7C87E37327FE64960056A9EE /* FavoritesListVC.swift in Sources */ = {isa = PBXBuildFile; fileRef = 7C87E37227FE64960056A9EE /* FavoritesListVC.swift */; };
		7C87E37527FEC0850056A9EE /* GFButton.swift in Sources */ = {isa = PBXBuildFile; fileRef = 7C87E37427FEC0850056A9EE /* GFButton.swift */; };
		7C87E377280009B90056A9EE /* GFTextField.swift in Sources */ = {isa = PBXBuildFile; fileRef = 7C87E376280009B90056A9EE /* GFTextField.swift */; };
		7C87E379280013B90056A9EE /* StringHelpers.swift in Sources */ = {isa = PBXBuildFile; fileRef = 7C87E378280013B90056A9EE /* StringHelpers.swift */; };
		7C87E37B2800DAB10056A9EE /* FollowerListVC.swift in Sources */ = {isa = PBXBuildFile; fileRef = 7C87E37A2800DAB10056A9EE /* FollowerListVC.swift */; };
		7C87E37D2800F7250056A9EE /* StringValidation.swift in Sources */ = {isa = PBXBuildFile; fileRef = 7C87E37C2800F7250056A9EE /* StringValidation.swift */; };
		7C87E38128010A5E0056A9EE /* GFTitleLabel.swift in Sources */ = {isa = PBXBuildFile; fileRef = 7C87E38028010A5E0056A9EE /* GFTitleLabel.swift */; };
		7C87E3852801790E0056A9EE /* GFBodyLabel.swift in Sources */ = {isa = PBXBuildFile; fileRef = 7C87E3842801790E0056A9EE /* GFBodyLabel.swift */; };
		7C87E38728017A650056A9EE /* GFAlertVC.swift in Sources */ = {isa = PBXBuildFile; fileRef = 7C87E38628017A650056A9EE /* GFAlertVC.swift */; };
		7C87E389280186160056A9EE /* UIViewController+Ext.swift in Sources */ = {isa = PBXBuildFile; fileRef = 7C87E388280186160056A9EE /* UIViewController+Ext.swift */; };
		7C87E3B7280364BC0056A9EE /* Follower.swift in Sources */ = {isa = PBXBuildFile; fileRef = 7C87E3B6280364BC0056A9EE /* Follower.swift */; };
		7C87E3B92803658C0056A9EE /* User.swift in Sources */ = {isa = PBXBuildFile; fileRef = 7C87E3B82803658C0056A9EE /* User.swift */; };
		7C87E3BC28036B5A0056A9EE /* NetworkManager.swift in Sources */ = {isa = PBXBuildFile; fileRef = 7C87E3BB28036B5A0056A9EE /* NetworkManager.swift */; };
		7C87E3BF2803DEDF0056A9EE /* ErrorMessage.swift in Sources */ = {isa = PBXBuildFile; fileRef = 7C87E3BE2803DEDF0056A9EE /* ErrorMessage.swift */; };
/* End PBXBuildFile section */

/* Begin PBXFileReference section */
		7C6C6BDA282612220038E391 /* FollowerCell.swift */ = {isa = PBXFileReference; lastKnownFileType = sourcecode.swift; path = FollowerCell.swift; sourceTree = "<group>"; };
		7C6C6BDC282613160038E391 /* GFAvatarImageView.swift */ = {isa = PBXFileReference; lastKnownFileType = sourcecode.swift; path = GFAvatarImageView.swift; sourceTree = "<group>"; };
		7C6C6C12282A1A530038E391 /* UIHelper.swift */ = {isa = PBXFileReference; lastKnownFileType = sourcecode.swift; path = UIHelper.swift; sourceTree = "<group>"; };
		7C6C6C1F282E13880038E391 /* GFEmptyStateView.swift */ = {isa = PBXFileReference; lastKnownFileType = sourcecode.swift; path = GFEmptyStateView.swift; sourceTree = "<group>"; };
		7C87E35927FE5CB00056A9EE /* GitHubFollowers.app */ = {isa = PBXFileReference; explicitFileType = wrapper.application; includeInIndex = 0; path = GitHubFollowers.app; sourceTree = BUILT_PRODUCTS_DIR; };
		7C87E35C27FE5CB00056A9EE /* AppDelegate.swift */ = {isa = PBXFileReference; lastKnownFileType = sourcecode.swift; path = AppDelegate.swift; sourceTree = "<group>"; };
		7C87E35E27FE5CB00056A9EE /* SceneDelegate.swift */ = {isa = PBXFileReference; lastKnownFileType = sourcecode.swift; path = SceneDelegate.swift; sourceTree = "<group>"; };
		7C87E36527FE5CB10056A9EE /* Assets.xcassets */ = {isa = PBXFileReference; lastKnownFileType = folder.assetcatalog; path = Assets.xcassets; sourceTree = "<group>"; };
		7C87E36A27FE5CB10056A9EE /* Info.plist */ = {isa = PBXFileReference; lastKnownFileType = text.plist.xml; path = Info.plist; sourceTree = "<group>"; };
		7C87E37027FE64620056A9EE /* SearchVC.swift */ = {isa = PBXFileReference; lastKnownFileType = sourcecode.swift; path = SearchVC.swift; sourceTree = "<group>"; };
		7C87E37227FE64960056A9EE /* FavoritesListVC.swift */ = {isa = PBXFileReference; lastKnownFileType = sourcecode.swift; path = FavoritesListVC.swift; sourceTree = "<group>"; };
		7C87E37427FEC0850056A9EE /* GFButton.swift */ = {isa = PBXFileReference; lastKnownFileType = sourcecode.swift; path = GFButton.swift; sourceTree = "<group>"; };
		7C87E376280009B90056A9EE /* GFTextField.swift */ = {isa = PBXFileReference; lastKnownFileType = sourcecode.swift; path = GFTextField.swift; sourceTree = "<group>"; };
		7C87E378280013B90056A9EE /* StringHelpers.swift */ = {isa = PBXFileReference; lastKnownFileType = sourcecode.swift; path = StringHelpers.swift; sourceTree = "<group>"; };
		7C87E37A2800DAB10056A9EE /* FollowerListVC.swift */ = {isa = PBXFileReference; lastKnownFileType = sourcecode.swift; path = FollowerListVC.swift; sourceTree = "<group>"; };
		7C87E37C2800F7250056A9EE /* StringValidation.swift */ = {isa = PBXFileReference; lastKnownFileType = sourcecode.swift; path = StringValidation.swift; sourceTree = "<group>"; };
		7C87E38028010A5E0056A9EE /* GFTitleLabel.swift */ = {isa = PBXFileReference; lastKnownFileType = sourcecode.swift; path = GFTitleLabel.swift; sourceTree = "<group>"; };
		7C87E3842801790E0056A9EE /* GFBodyLabel.swift */ = {isa = PBXFileReference; lastKnownFileType = sourcecode.swift; path = GFBodyLabel.swift; sourceTree = "<group>"; };
		7C87E38628017A650056A9EE /* GFAlertVC.swift */ = {isa = PBXFileReference; lastKnownFileType = sourcecode.swift; path = GFAlertVC.swift; sourceTree = "<group>"; };
		7C87E388280186160056A9EE /* UIViewController+Ext.swift */ = {isa = PBXFileReference; lastKnownFileType = sourcecode.swift; path = "UIViewController+Ext.swift"; sourceTree = "<group>"; };
		7C87E3B6280364BC0056A9EE /* Follower.swift */ = {isa = PBXFileReference; lastKnownFileType = sourcecode.swift; path = Follower.swift; sourceTree = "<group>"; };
		7C87E3B82803658C0056A9EE /* User.swift */ = {isa = PBXFileReference; lastKnownFileType = sourcecode.swift; path = User.swift; sourceTree = "<group>"; };
		7C87E3BB28036B5A0056A9EE /* NetworkManager.swift */ = {isa = PBXFileReference; lastKnownFileType = sourcecode.swift; path = NetworkManager.swift; sourceTree = "<group>"; };
		7C87E3BE2803DEDF0056A9EE /* ErrorMessage.swift */ = {isa = PBXFileReference; lastKnownFileType = sourcecode.swift; path = ErrorMessage.swift; sourceTree = "<group>"; };
/* End PBXFileReference section */

/* Begin PBXFrameworksBuildPhase section */
		7C87E35627FE5CB00056A9EE /* Frameworks */ = {
			isa = PBXFrameworksBuildPhase;
			buildActionMask = 2147483647;
			files = (
			);
			runOnlyForDeploymentPostprocessing = 0;
		};
/* End PBXFrameworksBuildPhase section */

/* Begin PBXGroup section */
		7C6C6BD9282612020038E391 /* Cells */ = {
			isa = PBXGroup;
			children = (
				7C6C6BDA282612220038E391 /* FollowerCell.swift */,
			);
			path = Cells;
			sourceTree = "<group>";
		};
		7C6C6C19282E12760038E391 /* Views */ = {
			isa = PBXGroup;
			children = (
				7C6C6C1F282E13880038E391 /* GFEmptyStateView.swift */,
			);
			path = Views;
			sourceTree = "<group>";
		};
		7C6C6C1A282E127C0038E391 /* Buttons */ = {
			isa = PBXGroup;
			children = (
				7C87E37427FEC0850056A9EE /* GFButton.swift */,
			);
			path = Buttons;
			sourceTree = "<group>";
		};
		7C6C6C1B282E12860038E391 /* TextFields */ = {
			isa = PBXGroup;
			children = (
				7C87E376280009B90056A9EE /* GFTextField.swift */,
			);
			path = TextFields;
			sourceTree = "<group>";
		};
		7C6C6C1C282E12900038E391 /* ImageViews */ = {
			isa = PBXGroup;
			children = (
				7C6C6BDC282613160038E391 /* GFAvatarImageView.swift */,
			);
			path = ImageViews;
			sourceTree = "<group>";
		};
		7C6C6C1D282E12970038E391 /* ViewControllers */ = {
			isa = PBXGroup;
			children = (
				7C87E38628017A650056A9EE /* GFAlertVC.swift */,
			);
			path = ViewControllers;
			sourceTree = "<group>";
		};
		7C6C6C1E282E130A0038E391 /* Labels */ = {
			isa = PBXGroup;
			children = (
				7C87E38028010A5E0056A9EE /* GFTitleLabel.swift */,
				7C87E3842801790E0056A9EE /* GFBodyLabel.swift */,
			);
			path = Labels;
			sourceTree = "<group>";
		};
		7C87E35027FE5CB00056A9EE = {
			isa = PBXGroup;
			children = (
				7C87E35B27FE5CB00056A9EE /* GitHubFollowers */,
				7C87E35A27FE5CB00056A9EE /* Products */,
			);
			sourceTree = "<group>";
		};
		7C87E35A27FE5CB00056A9EE /* Products */ = {
			isa = PBXGroup;
			children = (
				7C87E35927FE5CB00056A9EE /* GitHubFollowers.app */,
			);
			name = Products;
			sourceTree = "<group>";
		};
		7C87E35B27FE5CB00056A9EE /* GitHubFollowers */ = {
			isa = PBXGroup;
			children = (
				7C87E3BD2803DEC90056A9EE /* Utilities */,
				7C87E36A27FE5CB10056A9EE /* Info.plist */,
				7C87E38F28018E140056A9EE /* Resources */,
				7C87E38E28018D5B0056A9EE /* Helpers */,
				7C87E3BA28036B490056A9EE /* Managers */,
				7C87E3B5280364A90056A9EE /* Models */,
				7C87E38A28018CDF0056A9EE /* Screens */,
				7C87E38C28018CF00056A9EE /* CustomViews */,
			);
			path = GitHubFollowers;
			sourceTree = "<group>";
		};
		7C87E38A28018CDF0056A9EE /* Screens */ = {
			isa = PBXGroup;
			children = (
				7C87E37027FE64620056A9EE /* SearchVC.swift */,
				7C87E37A2800DAB10056A9EE /* FollowerListVC.swift */,
				7C87E37227FE64960056A9EE /* FavoritesListVC.swift */,
			);
			path = Screens;
			sourceTree = "<group>";
		};
		7C87E38C28018CF00056A9EE /* CustomViews */ = {
			isa = PBXGroup;
			children = (
				7C6C6C1E282E130A0038E391 /* Labels */,
				7C6C6C1D282E12970038E391 /* ViewControllers */,
				7C6C6C1C282E12900038E391 /* ImageViews */,
				7C6C6C1B282E12860038E391 /* TextFields */,
				7C6C6C1A282E127C0038E391 /* Buttons */,
				7C6C6C19282E12760038E391 /* Views */,
				7C6C6BD9282612020038E391 /* Cells */,
			);
			path = CustomViews;
			sourceTree = "<group>";
		};
		7C87E38D28018D510056A9EE /* Extensions */ = {
			isa = PBXGroup;
			children = (
				7C87E388280186160056A9EE /* UIViewController+Ext.swift */,
			);
			path = Extensions;
			sourceTree = "<group>";
		};
		7C87E38E28018D5B0056A9EE /* Helpers */ = {
			isa = PBXGroup;
			children = (
				7C87E378280013B90056A9EE /* StringHelpers.swift */,
				7C87E37C2800F7250056A9EE /* StringValidation.swift */,
				7C87E38D28018D510056A9EE /* Extensions */,
			);
			path = Helpers;
			sourceTree = "<group>";
		};
		7C87E38F28018E140056A9EE /* Resources */ = {
			isa = PBXGroup;
			children = (
				7C87E35C27FE5CB00056A9EE /* AppDelegate.swift */,
				7C87E35E27FE5CB00056A9EE /* SceneDelegate.swift */,
				7C87E36527FE5CB10056A9EE /* Assets.xcassets */,
			);
			name = Resources;
			sourceTree = "<group>";
		};
		7C87E3B5280364A90056A9EE /* Models */ = {
			isa = PBXGroup;
			children = (
				7C87E3B6280364BC0056A9EE /* Follower.swift */,
				7C87E3B82803658C0056A9EE /* User.swift */,
			);
			path = Models;
			sourceTree = "<group>";
		};
		7C87E3BA28036B490056A9EE /* Managers */ = {
			isa = PBXGroup;
			children = (
				7C87E3BB28036B5A0056A9EE /* NetworkManager.swift */,
			);
			path = Managers;
			sourceTree = "<group>";
		};
		7C87E3BD2803DEC90056A9EE /* Utilities */ = {
			isa = PBXGroup;
			children = (
				7C87E3BE2803DEDF0056A9EE /* ErrorMessage.swift */,
				7C6C6C12282A1A530038E391 /* UIHelper.swift */,
			);
			path = Utilities;
			sourceTree = "<group>";
		};
/* End PBXGroup section */

/* Begin PBXNativeTarget section */
		7C87E35827FE5CB00056A9EE /* GitHubFollowers */ = {
			isa = PBXNativeTarget;
			buildConfigurationList = 7C87E36D27FE5CB10056A9EE /* Build configuration list for PBXNativeTarget "GitHubFollowers" */;
			buildPhases = (
				7C87E35527FE5CB00056A9EE /* Sources */,
				7C87E35627FE5CB00056A9EE /* Frameworks */,
				7C87E35727FE5CB00056A9EE /* Resources */,
			);
			buildRules = (
			);
			dependencies = (
			);
			name = GitHubFollowers;
			productName = GitHubFollowers;
			productReference = 7C87E35927FE5CB00056A9EE /* GitHubFollowers.app */;
			productType = "com.apple.product-type.application";
		};
/* End PBXNativeTarget section */

/* Begin PBXProject section */
		7C87E35127FE5CB00056A9EE /* Project object */ = {
			isa = PBXProject;
			attributes = {
				BuildIndependentTargetsInParallel = 1;
				LastSwiftUpdateCheck = 1330;
				LastUpgradeCheck = 1330;
				TargetAttributes = {
					7C87E35827FE5CB00056A9EE = {
						CreatedOnToolsVersion = 13.3;
					};
				};
			};
			buildConfigurationList = 7C87E35427FE5CB00056A9EE /* Build configuration list for PBXProject "GitHubFollowers 2" */;
			compatibilityVersion = "Xcode 13.0";
			developmentRegion = en;
			hasScannedForEncodings = 0;
			knownRegions = (
				en,
				Base,
			);
			mainGroup = 7C87E35027FE5CB00056A9EE;
			productRefGroup = 7C87E35A27FE5CB00056A9EE /* Products */;
			projectDirPath = "";
			projectRoot = "";
			targets = (
				7C87E35827FE5CB00056A9EE /* GitHubFollowers */,
			);
		};
/* End PBXProject section */

/* Begin PBXResourcesBuildPhase section */
		7C87E35727FE5CB00056A9EE /* Resources */ = {
			isa = PBXResourcesBuildPhase;
			buildActionMask = 2147483647;
			files = (
				7C87E36627FE5CB10056A9EE /* Assets.xcassets in Resources */,
			);
			runOnlyForDeploymentPostprocessing = 0;
		};
/* End PBXResourcesBuildPhase section */

/* Begin PBXSourcesBuildPhase section */
		7C87E35527FE5CB00056A9EE /* Sources */ = {
			isa = PBXSourcesBuildPhase;
			buildActionMask = 2147483647;
			files = (
				7C87E377280009B90056A9EE /* GFTextField.swift in Sources */,
				7C87E3BF2803DEDF0056A9EE /* ErrorMessage.swift in Sources */,
				7C6C6BDD282613160038E391 /* GFAvatarImageView.swift in Sources */,
				7C6C6C13282A1A530038E391 /* UIHelper.swift in Sources */,
				7C87E3B7280364BC0056A9EE /* Follower.swift in Sources */,
				7C87E389280186160056A9EE /* UIViewController+Ext.swift in Sources */,
				7C87E37327FE64960056A9EE /* FavoritesListVC.swift in Sources */,
				7C87E3BC28036B5A0056A9EE /* NetworkManager.swift in Sources */,
				7C87E379280013B90056A9EE /* StringHelpers.swift in Sources */,
				7C87E37D2800F7250056A9EE /* StringValidation.swift in Sources */,
				7C87E38728017A650056A9EE /* GFAlertVC.swift in Sources */,
				7C87E37527FEC0850056A9EE /* GFButton.swift in Sources */,
				7C87E3B92803658C0056A9EE /* User.swift in Sources */,
				7C6C6BDB282612220038E391 /* FollowerCell.swift in Sources */,
				7C87E37127FE64620056A9EE /* SearchVC.swift in Sources */,
				7C6C6C20282E13880038E391 /* GFEmptyStateView.swift in Sources */,
				7C87E3852801790E0056A9EE /* GFBodyLabel.swift in Sources */,
				7C87E35D27FE5CB00056A9EE /* AppDelegate.swift in Sources */,
				7C87E37B2800DAB10056A9EE /* FollowerListVC.swift in Sources */,
				7C87E38128010A5E0056A9EE /* GFTitleLabel.swift in Sources */,
				7C87E35F27FE5CB00056A9EE /* SceneDelegate.swift in Sources */,
			);
			runOnlyForDeploymentPostprocessing = 0;
		};
/* End PBXSourcesBuildPhase section */

/* Begin XCBuildConfiguration section */
		7C87E36B27FE5CB10056A9EE /* Debug */ = {
			isa = XCBuildConfiguration;
			buildSettings = {
				ALWAYS_SEARCH_USER_PATHS = NO;
				CLANG_ANALYZER_NONNULL = YES;
				CLANG_ANALYZER_NUMBER_OBJECT_CONVERSION = YES_AGGRESSIVE;
				CLANG_CXX_LANGUAGE_STANDARD = "gnu++17";
				CLANG_ENABLE_MODULES = YES;
				CLANG_ENABLE_OBJC_ARC = YES;
				CLANG_ENABLE_OBJC_WEAK = YES;
				CLANG_WARN_BLOCK_CAPTURE_AUTORELEASING = YES;
				CLANG_WARN_BOOL_CONVERSION = YES;
				CLANG_WARN_COMMA = YES;
				CLANG_WARN_CONSTANT_CONVERSION = YES;
				CLANG_WARN_DEPRECATED_OBJC_IMPLEMENTATIONS = YES;
				CLANG_WARN_DIRECT_OBJC_ISA_USAGE = YES_ERROR;
				CLANG_WARN_DOCUMENTATION_COMMENTS = YES;
				CLANG_WARN_EMPTY_BODY = YES;
				CLANG_WARN_ENUM_CONVERSION = YES;
				CLANG_WARN_INFINITE_RECURSION = YES;
				CLANG_WARN_INT_CONVERSION = YES;
				CLANG_WARN_NON_LITERAL_NULL_CONVERSION = YES;
				CLANG_WARN_OBJC_IMPLICIT_RETAIN_SELF = YES;
				CLANG_WARN_OBJC_LITERAL_CONVERSION = YES;
				CLANG_WARN_OBJC_ROOT_CLASS = YES_ERROR;
				CLANG_WARN_QUOTED_INCLUDE_IN_FRAMEWORK_HEADER = YES;
				CLANG_WARN_RANGE_LOOP_ANALYSIS = YES;
				CLANG_WARN_STRICT_PROTOTYPES = YES;
				CLANG_WARN_SUSPICIOUS_MOVE = YES;
				CLANG_WARN_UNGUARDED_AVAILABILITY = YES_AGGRESSIVE;
				CLANG_WARN_UNREACHABLE_CODE = YES;
				CLANG_WARN__DUPLICATE_METHOD_MATCH = YES;
				COPY_PHASE_STRIP = NO;
				DEBUG_INFORMATION_FORMAT = dwarf;
				ENABLE_STRICT_OBJC_MSGSEND = YES;
				ENABLE_TESTABILITY = YES;
				GCC_C_LANGUAGE_STANDARD = gnu11;
				GCC_DYNAMIC_NO_PIC = NO;
				GCC_NO_COMMON_BLOCKS = YES;
				GCC_OPTIMIZATION_LEVEL = 0;
				GCC_PREPROCESSOR_DEFINITIONS = (
					"DEBUG=1",
					"$(inherited)",
				);
				GCC_WARN_64_TO_32_BIT_CONVERSION = YES;
				GCC_WARN_ABOUT_RETURN_TYPE = YES_ERROR;
				GCC_WARN_UNDECLARED_SELECTOR = YES;
				GCC_WARN_UNINITIALIZED_AUTOS = YES_AGGRESSIVE;
				GCC_WARN_UNUSED_FUNCTION = YES;
				GCC_WARN_UNUSED_VARIABLE = YES;
				IPHONEOS_DEPLOYMENT_TARGET = 15.4;
				MTL_ENABLE_DEBUG_INFO = INCLUDE_SOURCE;
				MTL_FAST_MATH = YES;
				ONLY_ACTIVE_ARCH = YES;
				SDKROOT = iphoneos;
				SWIFT_ACTIVE_COMPILATION_CONDITIONS = DEBUG;
				SWIFT_OPTIMIZATION_LEVEL = "-Onone";
			};
			name = Debug;
		};
		7C87E36C27FE5CB10056A9EE /* Release */ = {
			isa = XCBuildConfiguration;
			buildSettings = {
				ALWAYS_SEARCH_USER_PATHS = NO;
				CLANG_ANALYZER_NONNULL = YES;
				CLANG_ANALYZER_NUMBER_OBJECT_CONVERSION = YES_AGGRESSIVE;
				CLANG_CXX_LANGUAGE_STANDARD = "gnu++17";
				CLANG_ENABLE_MODULES = YES;
				CLANG_ENABLE_OBJC_ARC = YES;
				CLANG_ENABLE_OBJC_WEAK = YES;
				CLANG_WARN_BLOCK_CAPTURE_AUTORELEASING = YES;
				CLANG_WARN_BOOL_CONVERSION = YES;
				CLANG_WARN_COMMA = YES;
				CLANG_WARN_CONSTANT_CONVERSION = YES;
				CLANG_WARN_DEPRECATED_OBJC_IMPLEMENTATIONS = YES;
				CLANG_WARN_DIRECT_OBJC_ISA_USAGE = YES_ERROR;
				CLANG_WARN_DOCUMENTATION_COMMENTS = YES;
				CLANG_WARN_EMPTY_BODY = YES;
				CLANG_WARN_ENUM_CONVERSION = YES;
				CLANG_WARN_INFINITE_RECURSION = YES;
				CLANG_WARN_INT_CONVERSION = YES;
				CLANG_WARN_NON_LITERAL_NULL_CONVERSION = YES;
				CLANG_WARN_OBJC_IMPLICIT_RETAIN_SELF = YES;
				CLANG_WARN_OBJC_LITERAL_CONVERSION = YES;
				CLANG_WARN_OBJC_ROOT_CLASS = YES_ERROR;
				CLANG_WARN_QUOTED_INCLUDE_IN_FRAMEWORK_HEADER = YES;
				CLANG_WARN_RANGE_LOOP_ANALYSIS = YES;
				CLANG_WARN_STRICT_PROTOTYPES = YES;
				CLANG_WARN_SUSPICIOUS_MOVE = YES;
				CLANG_WARN_UNGUARDED_AVAILABILITY = YES_AGGRESSIVE;
				CLANG_WARN_UNREACHABLE_CODE = YES;
				CLANG_WARN__DUPLICATE_METHOD_MATCH = YES;
				COPY_PHASE_STRIP = NO;
				DEBUG_INFORMATION_FORMAT = "dwarf-with-dsym";
				ENABLE_NS_ASSERTIONS = NO;
				ENABLE_STRICT_OBJC_MSGSEND = YES;
				GCC_C_LANGUAGE_STANDARD = gnu11;
				GCC_NO_COMMON_BLOCKS = YES;
				GCC_WARN_64_TO_32_BIT_CONVERSION = YES;
				GCC_WARN_ABOUT_RETURN_TYPE = YES_ERROR;
				GCC_WARN_UNDECLARED_SELECTOR = YES;
				GCC_WARN_UNINITIALIZED_AUTOS = YES_AGGRESSIVE;
				GCC_WARN_UNUSED_FUNCTION = YES;
				GCC_WARN_UNUSED_VARIABLE = YES;
				IPHONEOS_DEPLOYMENT_TARGET = 15.4;
				MTL_ENABLE_DEBUG_INFO = NO;
				MTL_FAST_MATH = YES;
				SDKROOT = iphoneos;
				SWIFT_COMPILATION_MODE = wholemodule;
				SWIFT_OPTIMIZATION_LEVEL = "-O";
				VALIDATE_PRODUCT = YES;
			};
			name = Release;
		};
		7C87E36E27FE5CB10056A9EE /* Debug */ = {
			isa = XCBuildConfiguration;
			buildSettings = {
				ASSETCATALOG_COMPILER_APPICON_NAME = AppIcon;
				ASSETCATALOG_COMPILER_GLOBAL_ACCENT_COLOR_NAME = AccentColor;
				CODE_SIGN_STYLE = Automatic;
				CURRENT_PROJECT_VERSION = 1;
				DEVELOPMENT_TEAM = GL869MT3HY;
				GENERATE_INFOPLIST_FILE = YES;
				INFOPLIST_FILE = GitHubFollowers/Info.plist;
				INFOPLIST_KEY_UIApplicationSupportsIndirectInputEvents = YES;
				INFOPLIST_KEY_UILaunchStoryboardName = LaunchScreen;
				INFOPLIST_KEY_UISupportedInterfaceOrientations = UIInterfaceOrientationPortrait;
				INFOPLIST_KEY_UISupportedInterfaceOrientations_iPad = "UIInterfaceOrientationPortrait UIInterfaceOrientationPortraitUpsideDown UIInterfaceOrientationLandscapeLeft UIInterfaceOrientationLandscapeRight";
				INFOPLIST_KEY_UISupportedInterfaceOrientations_iPhone = "UIInterfaceOrientationPortrait UIInterfaceOrientationLandscapeLeft UIInterfaceOrientationLandscapeRight";
				LD_RUNPATH_SEARCH_PATHS = (
					"$(inherited)",
					"@executable_path/Frameworks",
				);
				MARKETING_VERSION = 1.0;
				PRODUCT_BUNDLE_IDENTIFIER = com.joncorn.GitHubFollowers;
				PRODUCT_NAME = "$(TARGET_NAME)";
				SWIFT_EMIT_LOC_STRINGS = YES;
				SWIFT_VERSION = 5.0;
				TARGETED_DEVICE_FAMILY = "1,2";
			};
			name = Debug;
		};
		7C87E36F27FE5CB10056A9EE /* Release */ = {
			isa = XCBuildConfiguration;
			buildSettings = {
				ASSETCATALOG_COMPILER_APPICON_NAME = AppIcon;
				ASSETCATALOG_COMPILER_GLOBAL_ACCENT_COLOR_NAME = AccentColor;
				CODE_SIGN_STYLE = Automatic;
				CURRENT_PROJECT_VERSION = 1;
				DEVELOPMENT_TEAM = GL869MT3HY;
				GENERATE_INFOPLIST_FILE = YES;
				INFOPLIST_FILE = GitHubFollowers/Info.plist;
				INFOPLIST_KEY_UIApplicationSupportsIndirectInputEvents = YES;
				INFOPLIST_KEY_UILaunchStoryboardName = LaunchScreen;
				INFOPLIST_KEY_UISupportedInterfaceOrientations = UIInterfaceOrientationPortrait;
				INFOPLIST_KEY_UISupportedInterfaceOrientations_iPad = "UIInterfaceOrientationPortrait UIInterfaceOrientationPortraitUpsideDown UIInterfaceOrientationLandscapeLeft UIInterfaceOrientationLandscapeRight";
				INFOPLIST_KEY_UISupportedInterfaceOrientations_iPhone = "UIInterfaceOrientationPortrait UIInterfaceOrientationLandscapeLeft UIInterfaceOrientationLandscapeRight";
				LD_RUNPATH_SEARCH_PATHS = (
					"$(inherited)",
					"@executable_path/Frameworks",
				);
				MARKETING_VERSION = 1.0;
				PRODUCT_BUNDLE_IDENTIFIER = com.joncorn.GitHubFollowers;
				PRODUCT_NAME = "$(TARGET_NAME)";
				SWIFT_EMIT_LOC_STRINGS = YES;
				SWIFT_VERSION = 5.0;
				TARGETED_DEVICE_FAMILY = "1,2";
			};
			name = Release;
		};
/* End XCBuildConfiguration section */

/* Begin XCConfigurationList section */
		7C87E35427FE5CB00056A9EE /* Build configuration list for PBXProject "GitHubFollowers 2" */ = {
			isa = XCConfigurationList;
			buildConfigurations = (
				7C87E36B27FE5CB10056A9EE /* Debug */,
				7C87E36C27FE5CB10056A9EE /* Release */,
			);
			defaultConfigurationIsVisible = 0;
			defaultConfigurationName = Release;
		};
		7C87E36D27FE5CB10056A9EE /* Build configuration list for PBXNativeTarget "GitHubFollowers" */ = {
			isa = XCConfigurationList;
			buildConfigurations = (
				7C87E36E27FE5CB10056A9EE /* Debug */,
				7C87E36F27FE5CB10056A9EE /* Release */,
			);
			defaultConfigurationIsVisible = 0;
			defaultConfigurationName = Release;
		};
/* End XCConfigurationList section */
	};
	rootObject = 7C87E35127FE5CB00056A9EE /* Project object */;
}
